
Microsoft Visual Studio Solution File, Format Version 12.00
# Visual Studio Version 17
VisualStudioVersion = 17.9.34723.18
MinimumVisualStudioVersion = 10.0.40219.1
Project("{9A19103F-16F7-4668-BE54-9A1E7A4F7556}") = "HotelSOL.DataAccess", "HotelSOL.DataAccess\HotelSOL.DataAccess.csproj", "{9663FCC9-33E3-4E11-97B9-097014E49C79}"
EndProject
Project("{9A19103F-16F7-4668-BE54-9A1E7A4F7556}") = "HotelSOL1.FormsAPP", "HotelSOL1.FormsAPP\HotelSOL1.FormsAPP\HotelSOL1.FormsAPP.csproj", "{DCD37750-4A22-4E2B-9FDE-5C4344D9EB7F}"
EndProject
Global
	GlobalSection(SolutionConfigurationPlatforms) = preSolution
		Debug|Any CPU = Debug|Any CPU
		Release|Any CPU = Release|Any CPU
	EndGlobalSection
	GlobalSection(ProjectConfigurationPlatforms) = postSolution
		{9663FCC9-33E3-4E11-97B9-097014E49C79}.Debug|Any CPU.ActiveCfg = Debug|Any CPU
		{9663FCC9-33E3-4E11-97B9-097014E49C79}.Debug|Any CPU.Build.0 = Debug|Any CPU
		{9663FCC9-33E3-4E11-97B9-097014E49C79}.Release|Any CPU.ActiveCfg = Release|Any CPU
		{9663FCC9-33E3-4E11-97B9-097014E49C79}.Release|Any CPU.Build.0 = Release|Any CPU
		{DCD37750-4A22-4E2B-9FDE-5C4344D9EB7F}.Debug|Any CPU.ActiveCfg = Debug|Any CPU
		{DCD37750-4A22-4E2B-9FDE-5C4344D9EB7F}.Debug|Any CPU.Build.0 = Debug|Any CPU
		{DCD37750-4A22-4E2B-9FDE-5C4344D9EB7F}.Release|Any CPU.ActiveCfg = Release|Any CPU
		{DCD37750-4A22-4E2B-9FDE-5C4344D9EB7F}.Release|Any CPU.Build.0 = Release|Any CPU
	EndGlobalSection
	GlobalSection(SolutionProperties) = preSolution
		HideSolutionNode = FALSE
	EndGlobalSection
	GlobalSection(ExtensibilityGlobals) = postSolution
		SolutionGuid = {2AA01A62-FF19-4811-BAAA-F8CEE7E5AA9D}
	EndGlobalSection
EndGlobal
